
Microsoft Visual Studio Solution File, Format Version 12.00
# Visual Studio Version 17
VisualStudioVersion = 17.6.33829.357
MinimumVisualStudioVersion = 10.0.40219.1
Project("{FAE04EC0-301F-11D3-BF4B-00C04F79EFBC}") = "Alfa4", "Alfa4\Alfa4.csproj", "{1EB4620D-8BB3-4E0F-88DC-6833B0CCA21C}"
EndProject
Global
	GlobalSection(SolutionConfigurationPlatforms) = preSolution
		Debug|Any CPU = Debug|Any CPU
		Release|Any CPU = Release|Any CPU
	EndGlobalSection
	GlobalSection(ProjectConfigurationPlatforms) = postSolution
		{1EB4620D-8BB3-4E0F-88DC-6833B0CCA21C}.Debug|Any CPU.ActiveCfg = Debug|Any CPU
		{1EB4620D-8BB3-4E0F-88DC-6833B0CCA21C}.Debug|Any CPU.Build.0 = Debug|Any CPU
		{1EB4620D-8BB3-4E0F-88DC-6833B0CCA21C}.Release|Any CPU.ActiveCfg = Release|Any CPU
		{1EB4620D-8BB3-4E0F-88DC-6833B0CCA21C}.Release|Any CPU.Build.0 = Release|Any CPU
	EndGlobalSection
	GlobalSection(SolutionProperties) = preSolution
		HideSolutionNode = FALSE
	EndGlobalSection
	GlobalSection(ExtensibilityGlobals) = postSolution
		SolutionGuid = {105C1AD9-59E1-40EB-88DF-E4E8D73A9F46}
	EndGlobalSection
EndGlobal
